
Microsoft Visual Studio Solution File, Format Version 12.00
# Visual Studio 2015
Project("{FAE04EC0-301F-11D3-BF4B-00C04F79EFBC}") = "9-CreateDll", "9-CreateDll.csproj", "{A608FB2D-FAE4-084F-3E48-47C9031FFA91}"
EndProject
Global
	GlobalSection(SolutionConfigurationPlatforms) = preSolution
		Debug|Any CPU = Debug|Any CPU
		Release|Any CPU = Release|Any CPU
	EndGlobalSection
	GlobalSection(ProjectConfigurationPlatforms) = postSolution
		{A608FB2D-FAE4-084F-3E48-47C9031FFA91}.Debug|Any CPU.ActiveCfg = Debug|Any CPU
		{A608FB2D-FAE4-084F-3E48-47C9031FFA91}.Debug|Any CPU.Build.0 = Debug|Any CPU
		{A608FB2D-FAE4-084F-3E48-47C9031FFA91}.Release|Any CPU.ActiveCfg = Release|Any CPU
		{A608FB2D-FAE4-084F-3E48-47C9031FFA91}.Release|Any CPU.Build.0 = Release|Any CPU
	EndGlobalSection
	GlobalSection(SolutionProperties) = preSolution
		HideSolutionNode = FALSE
	EndGlobalSection
EndGlobal
